// !$*UTF8*$!
{
	archiveVersion = 1;
	classes = {
	};
	objectVersion = 46;
	objects = {

/* Begin PBXBuildFile section */
		9C0DAE471964BAA200C1CED9 /* Foundation.framework in Frameworks */ = {isa = PBXBuildFile; fileRef = 9C0DAE461964BAA200C1CED9 /* Foundation.framework */; };
		9C0DAE491964BAA200C1CED9 /* CoreGraphics.framework in Frameworks */ = {isa = PBXBuildFile; fileRef = 9C0DAE481964BAA200C1CED9 /* CoreGraphics.framework */; };
		9C0DAE4B1964BAA200C1CED9 /* UIKit.framework in Frameworks */ = {isa = PBXBuildFile; fileRef = 9C0DAE4A1964BAA200C1CED9 /* UIKit.framework */; };
		9C0DAE511964BAA200C1CED9 /* InfoPlist.strings in Resources */ = {isa = PBXBuildFile; fileRef = 9C0DAE4F1964BAA200C1CED9 /* InfoPlist.strings */; };
		9C0DAE531964BAA200C1CED9 /* main.m in Sources */ = {isa = PBXBuildFile; fileRef = 9C0DAE521964BAA200C1CED9 /* main.m */; };
		9C0DAE571964BAA200C1CED9 /* TPAppDelegate.m in Sources */ = {isa = PBXBuildFile; fileRef = 9C0DAE561964BAA200C1CED9 /* TPAppDelegate.m */; };
		9C0DAE5A1964BAA200C1CED9 /* Main_iPhone.storyboard in Resources */ = {isa = PBXBuildFile; fileRef = 9C0DAE581964BAA200C1CED9 /* Main_iPhone.storyboard */; };
		9C0DAE601964BAA200C1CED9 /* TPViewController.m in Sources */ = {isa = PBXBuildFile; fileRef = 9C0DAE5F1964BAA200C1CED9 /* TPViewController.m */; };
		9C0DAE621964BAA200C1CED9 /* Images.xcassets in Resources */ = {isa = PBXBuildFile; fileRef = 9C0DAE611964BAA200C1CED9 /* Images.xcassets */; };
		9C0DAE691964BAA300C1CED9 /* XCTest.framework in Frameworks */ = {isa = PBXBuildFile; fileRef = 9C0DAE681964BAA300C1CED9 /* XCTest.framework */; };
		9C0DAE6A1964BAA300C1CED9 /* Foundation.framework in Frameworks */ = {isa = PBXBuildFile; fileRef = 9C0DAE461964BAA200C1CED9 /* Foundation.framework */; };
		9C0DAE6B1964BAA300C1CED9 /* UIKit.framework in Frameworks */ = {isa = PBXBuildFile; fileRef = 9C0DAE4A1964BAA200C1CED9 /* UIKit.framework */; };
		9C0DAE731964BAA300C1CED9 /* InfoPlist.strings in Resources */ = {isa = PBXBuildFile; fileRef = 9C0DAE711964BAA300C1CED9 /* InfoPlist.strings */; };
		9C0DAE751964BAA300C1CED9 /* Spy_APPTests.m in Sources */ = {isa = PBXBuildFile; fileRef = 9C0DAE741964BAA300C1CED9 /* Spy_APPTests.m */; };
		9C14982A197C29B700AAFF47 /* TPSpyHistoryTableViewController.m in Sources */ = {isa = PBXBuildFile; fileRef = 9C149829197C29B700AAFF47 /* TPSpyHistoryTableViewController.m */; };
		9C41F02E199D8B0D003BB7FE /* .gitignore in Resources */ = {isa = PBXBuildFile; fileRef = 9C41F023199D8B0D003BB7FE /* .gitignore */; };
		9C41F02F199D8B0D003BB7FE /* AESCrypt.m in Sources */ = {isa = PBXBuildFile; fileRef = 9C41F025199D8B0D003BB7FE /* AESCrypt.m */; };
		9C41F030199D8B0D003BB7FE /* LICENSE in Resources */ = {isa = PBXBuildFile; fileRef = 9C41F026199D8B0D003BB7FE /* LICENSE */; };
		9C41F031199D8B0D003BB7FE /* NSData+Base64.m in Sources */ = {isa = PBXBuildFile; fileRef = 9C41F028199D8B0D003BB7FE /* NSData+Base64.m */; };
		9C41F032199D8B0D003BB7FE /* NSData+CommonCrypto.m in Sources */ = {isa = PBXBuildFile; fileRef = 9C41F02A199D8B0D003BB7FE /* NSData+CommonCrypto.m */; };
		9C41F033199D8B0D003BB7FE /* NSString+Base64.m in Sources */ = {isa = PBXBuildFile; fileRef = 9C41F02C199D8B0D003BB7FE /* NSString+Base64.m */; };
		9C41F034199D8B0D003BB7FE /* README.md in Resources */ = {isa = PBXBuildFile; fileRef = 9C41F02D199D8B0D003BB7FE /* README.md */; };
		9C8EDB0B1964BDAF006BEBAF /* CodeString.m in Sources */ = {isa = PBXBuildFile; fileRef = 9C8EDB0A1964BDAF006BEBAF /* CodeString.m */; };
/* End PBXBuildFile section */

/* Begin PBXContainerItemProxy section */
		9C0DAE6C1964BAA300C1CED9 /* PBXContainerItemProxy */ = {
			isa = PBXContainerItemProxy;
			containerPortal = 9C0DAE3B1964BAA000C1CED9 /* Project object */;
			proxyType = 1;
			remoteGlobalIDString = 9C0DAE421964BAA100C1CED9;
			remoteInfo = "Spy APP";
		};
/* End PBXContainerItemProxy section */

/* Begin PBXFileReference section */
		9C0DAE431964BAA200C1CED9 /* Spy APP.app */ = {isa = PBXFileReference; explicitFileType = wrapper.application; includeInIndex = 0; path = "Spy APP.app"; sourceTree = BUILT_PRODUCTS_DIR; };
		9C0DAE461964BAA200C1CED9 /* Foundation.framework */ = {isa = PBXFileReference; lastKnownFileType = wrapper.framework; name = Foundation.framework; path = System/Library/Frameworks/Foundation.framework; sourceTree = SDKROOT; };
		9C0DAE481964BAA200C1CED9 /* CoreGraphics.framework */ = {isa = PBXFileReference; lastKnownFileType = wrapper.framework; name = CoreGraphics.framework; path = System/Library/Frameworks/CoreGraphics.framework; sourceTree = SDKROOT; };
		9C0DAE4A1964BAA200C1CED9 /* UIKit.framework */ = {isa = PBXFileReference; lastKnownFileType = wrapper.framework; name = UIKit.framework; path = System/Library/Frameworks/UIKit.framework; sourceTree = SDKROOT; };
		9C0DAE4E1964BAA200C1CED9 /* Spy APP-Info.plist */ = {isa = PBXFileReference; lastKnownFileType = text.plist.xml; path = "Spy APP-Info.plist"; sourceTree = "<group>"; };
		9C0DAE501964BAA200C1CED9 /* en */ = {isa = PBXFileReference; lastKnownFileType = text.plist.strings; name = en; path = en.lproj/InfoPlist.strings; sourceTree = "<group>"; };
		9C0DAE521964BAA200C1CED9 /* main.m */ = {isa = PBXFileReference; lastKnownFileType = sourcecode.c.objc; path = main.m; sourceTree = "<group>"; };
		9C0DAE541964BAA200C1CED9 /* Spy APP-Prefix.pch */ = {isa = PBXFileReference; lastKnownFileType = sourcecode.c.h; path = "Spy APP-Prefix.pch"; sourceTree = "<group>"; };
		9C0DAE551964BAA200C1CED9 /* TPAppDelegate.h */ = {isa = PBXFileReference; lastKnownFileType = sourcecode.c.h; path = TPAppDelegate.h; sourceTree = "<group>"; };
		9C0DAE561964BAA200C1CED9 /* TPAppDelegate.m */ = {isa = PBXFileReference; lastKnownFileType = sourcecode.c.objc; path = TPAppDelegate.m; sourceTree = "<group>"; };
		9C0DAE591964BAA200C1CED9 /* Base */ = {isa = PBXFileReference; lastKnownFileType = file.storyboard; name = Base; path = Base.lproj/Main_iPhone.storyboard; sourceTree = "<group>"; };
		9C0DAE5E1964BAA200C1CED9 /* TPViewController.h */ = {isa = PBXFileReference; lastKnownFileType = sourcecode.c.h; path = TPViewController.h; sourceTree = "<group>"; };
		9C0DAE5F1964BAA200C1CED9 /* TPViewController.m */ = {isa = PBXFileReference; lastKnownFileType = sourcecode.c.objc; path = TPViewController.m; sourceTree = "<group>"; };
		9C0DAE611964BAA200C1CED9 /* Images.xcassets */ = {isa = PBXFileReference; lastKnownFileType = folder.assetcatalog; path = Images.xcassets; sourceTree = "<group>"; };
		9C0DAE671964BAA300C1CED9 /* Spy APPTests.xctest */ = {isa = PBXFileReference; explicitFileType = wrapper.cfbundle; includeInIndex = 0; path = "Spy APPTests.xctest"; sourceTree = BUILT_PRODUCTS_DIR; };
		9C0DAE681964BAA300C1CED9 /* XCTest.framework */ = {isa = PBXFileReference; lastKnownFileType = wrapper.framework; name = XCTest.framework; path = Library/Frameworks/XCTest.framework; sourceTree = DEVELOPER_DIR; };
		9C0DAE701964BAA300C1CED9 /* Spy APPTests-Info.plist */ = {isa = PBXFileReference; lastKnownFileType = text.plist.xml; path = "Spy APPTests-Info.plist"; sourceTree = "<group>"; };
		9C0DAE721964BAA300C1CED9 /* en */ = {isa = PBXFileReference; lastKnownFileType = text.plist.strings; name = en; path = en.lproj/InfoPlist.strings; sourceTree = "<group>"; };
		9C0DAE741964BAA300C1CED9 /* Spy_APPTests.m */ = {isa = PBXFileReference; lastKnownFileType = sourcecode.c.objc; path = Spy_APPTests.m; sourceTree = "<group>"; };
		9C149828197C29B700AAFF47 /* TPSpyHistoryTableViewController.h */ = {isa = PBXFileReference; fileEncoding = 4; lastKnownFileType = sourcecode.c.h; path = TPSpyHistoryTableViewController.h; sourceTree = "<group>"; };
		9C149829197C29B700AAFF47 /* TPSpyHistoryTableViewController.m */ = {isa = PBXFileReference; fileEncoding = 4; lastKnownFileType = sourcecode.c.objc; path = TPSpyHistoryTableViewController.m; sourceTree = "<group>"; };
		9C41F023199D8B0D003BB7FE /* .gitignore */ = {isa = PBXFileReference; fileEncoding = 4; lastKnownFileType = text; path = .gitignore; sourceTree = "<group>"; };
		9C41F024199D8B0D003BB7FE /* AESCrypt.h */ = {isa = PBXFileReference; fileEncoding = 4; lastKnownFileType = sourcecode.c.h; path = AESCrypt.h; sourceTree = "<group>"; };
		9C41F025199D8B0D003BB7FE /* AESCrypt.m */ = {isa = PBXFileReference; fileEncoding = 4; lastKnownFileType = sourcecode.c.objc; path = AESCrypt.m; sourceTree = "<group>"; };
		9C41F026199D8B0D003BB7FE /* LICENSE */ = {isa = PBXFileReference; fileEncoding = 4; lastKnownFileType = text; path = LICENSE; sourceTree = "<group>"; };
		9C41F027199D8B0D003BB7FE /* NSData+Base64.h */ = {isa = PBXFileReference; fileEncoding = 4; lastKnownFileType = sourcecode.c.h; path = "NSData+Base64.h"; sourceTree = "<group>"; };
		9C41F028199D8B0D003BB7FE /* NSData+Base64.m */ = {isa = PBXFileReference; fileEncoding = 4; lastKnownFileType = sourcecode.c.objc; path = "NSData+Base64.m"; sourceTree = "<group>"; };
		9C41F029199D8B0D003BB7FE /* NSData+CommonCrypto.h */ = {isa = PBXFileReference; fileEncoding = 4; lastKnownFileType = sourcecode.c.h; path = "NSData+CommonCrypto.h"; sourceTree = "<group>"; };
		9C41F02A199D8B0D003BB7FE /* NSData+CommonCrypto.m */ = {isa = PBXFileReference; fileEncoding = 4; lastKnownFileType = sourcecode.c.objc; path = "NSData+CommonCrypto.m"; sourceTree = "<group>"; };
		9C41F02B199D8B0D003BB7FE /* NSString+Base64.h */ = {isa = PBXFileReference; fileEncoding = 4; lastKnownFileType = sourcecode.c.h; path = "NSString+Base64.h"; sourceTree = "<group>"; };
		9C41F02C199D8B0D003BB7FE /* NSString+Base64.m */ = {isa = PBXFileReference; fileEncoding = 4; lastKnownFileType = sourcecode.c.objc; path = "NSString+Base64.m"; sourceTree = "<group>"; };
		9C41F02D199D8B0D003BB7FE /* README.md */ = {isa = PBXFileReference; fileEncoding = 4; lastKnownFileType = text; path = README.md; sourceTree = "<group>"; };
		9C8EDB091964BDAF006BEBAF /* CodeString.h */ = {isa = PBXFileReference; fileEncoding = 4; lastKnownFileType = sourcecode.c.h; path = CodeString.h; sourceTree = "<group>"; };
		9C8EDB0A1964BDAF006BEBAF /* CodeString.m */ = {isa = PBXFileReference; fileEncoding = 4; lastKnownFileType = sourcecode.c.objc; path = CodeString.m; sourceTree = "<group>"; };
/* End PBXFileReference section */

/* Begin PBXFrameworksBuildPhase section */
		9C0DAE401964BAA100C1CED9 /* Frameworks */ = {
			isa = PBXFrameworksBuildPhase;
			buildActionMask = 2147483647;
			files = (
				9C0DAE491964BAA200C1CED9 /* CoreGraphics.framework in Frameworks */,
				9C0DAE4B1964BAA200C1CED9 /* UIKit.framework in Frameworks */,
				9C0DAE471964BAA200C1CED9 /* Foundation.framework in Frameworks */,
			);
			runOnlyForDeploymentPostprocessing = 0;
		};
		9C0DAE641964BAA300C1CED9 /* Frameworks */ = {
			isa = PBXFrameworksBuildPhase;
			buildActionMask = 2147483647;
			files = (
				9C0DAE691964BAA300C1CED9 /* XCTest.framework in Frameworks */,
				9C0DAE6B1964BAA300C1CED9 /* UIKit.framework in Frameworks */,
				9C0DAE6A1964BAA300C1CED9 /* Foundation.framework in Frameworks */,
			);
			runOnlyForDeploymentPostprocessing = 0;
		};
/* End PBXFrameworksBuildPhase section */

/* Begin PBXGroup section */
		9C0DAE3A1964BAA000C1CED9 = {
			isa = PBXGroup;
			children = (
				9C0DAE4C1964BAA200C1CED9 /* Spy APP */,
				9C0DAE6E1964BAA300C1CED9 /* Spy APPTests */,
				9C0DAE451964BAA200C1CED9 /* Frameworks */,
				9C0DAE441964BAA200C1CED9 /* Products */,
			);
			sourceTree = "<group>";
		};
		9C0DAE441964BAA200C1CED9 /* Products */ = {
			isa = PBXGroup;
			children = (
				9C0DAE431964BAA200C1CED9 /* Spy APP.app */,
				9C0DAE671964BAA300C1CED9 /* Spy APPTests.xctest */,
			);
			name = Products;
			sourceTree = "<group>";
		};
		9C0DAE451964BAA200C1CED9 /* Frameworks */ = {
			isa = PBXGroup;
			children = (
				9C0DAE461964BAA200C1CED9 /* Foundation.framework */,
				9C0DAE481964BAA200C1CED9 /* CoreGraphics.framework */,
				9C0DAE4A1964BAA200C1CED9 /* UIKit.framework */,
				9C0DAE681964BAA300C1CED9 /* XCTest.framework */,
			);
			name = Frameworks;
			sourceTree = "<group>";
		};
		9C0DAE4C1964BAA200C1CED9 /* Spy APP */ = {
			isa = PBXGroup;
			children = (
				9C41F022199D8B0D003BB7FE /* AESCrypt-ObjC-master */,
				9C0DAE551964BAA200C1CED9 /* TPAppDelegate.h */,
				9C0DAE561964BAA200C1CED9 /* TPAppDelegate.m */,
				9C8EDB091964BDAF006BEBAF /* CodeString.h */,
				9C8EDB0A1964BDAF006BEBAF /* CodeString.m */,
				9C0DAE581964BAA200C1CED9 /* Main_iPhone.storyboard */,
				9C0DAE5E1964BAA200C1CED9 /* TPViewController.h */,
				9C0DAE5F1964BAA200C1CED9 /* TPViewController.m */,
				9C0DAE611964BAA200C1CED9 /* Images.xcassets */,
				9C0DAE4D1964BAA200C1CED9 /* Supporting Files */,
				9C149828197C29B700AAFF47 /* TPSpyHistoryTableViewController.h */,
				9C149829197C29B700AAFF47 /* TPSpyHistoryTableViewController.m */,
			);
			path = "Spy APP";
			sourceTree = "<group>";
		};
		9C0DAE4D1964BAA200C1CED9 /* Supporting Files */ = {
			isa = PBXGroup;
			children = (
				9C0DAE4E1964BAA200C1CED9 /* Spy APP-Info.plist */,
				9C0DAE4F1964BAA200C1CED9 /* InfoPlist.strings */,
				9C0DAE521964BAA200C1CED9 /* main.m */,
				9C0DAE541964BAA200C1CED9 /* Spy APP-Prefix.pch */,
			);
			name = "Supporting Files";
			sourceTree = "<group>";
		};
		9C0DAE6E1964BAA300C1CED9 /* Spy APPTests */ = {
			isa = PBXGroup;
			children = (
				9C0DAE741964BAA300C1CED9 /* Spy_APPTests.m */,
				9C0DAE6F1964BAA300C1CED9 /* Supporting Files */,
			);
			path = "Spy APPTests";
			sourceTree = "<group>";
		};
		9C0DAE6F1964BAA300C1CED9 /* Supporting Files */ = {
			isa = PBXGroup;
			children = (
				9C0DAE701964BAA300C1CED9 /* Spy APPTests-Info.plist */,
				9C0DAE711964BAA300C1CED9 /* InfoPlist.strings */,
			);
			name = "Supporting Files";
			sourceTree = "<group>";
		};
		9C41F022199D8B0D003BB7FE /* AESCrypt-ObjC-master */ = {
			isa = PBXGroup;
			children = (
				9C41F023199D8B0D003BB7FE /* .gitignore */,
				9C41F024199D8B0D003BB7FE /* AESCrypt.h */,
				9C41F025199D8B0D003BB7FE /* AESCrypt.m */,
				9C41F026199D8B0D003BB7FE /* LICENSE */,
				9C41F027199D8B0D003BB7FE /* NSData+Base64.h */,
				9C41F028199D8B0D003BB7FE /* NSData+Base64.m */,
				9C41F029199D8B0D003BB7FE /* NSData+CommonCrypto.h */,
				9C41F02A199D8B0D003BB7FE /* NSData+CommonCrypto.m */,
				9C41F02B199D8B0D003BB7FE /* NSString+Base64.h */,
				9C41F02C199D8B0D003BB7FE /* NSString+Base64.m */,
				9C41F02D199D8B0D003BB7FE /* README.md */,
			);
			path = "AESCrypt-ObjC-master";
			sourceTree = "<group>";
		};
/* End PBXGroup section */

/* Begin PBXNativeTarget section */
		9C0DAE421964BAA100C1CED9 /* Spy APP */ = {
			isa = PBXNativeTarget;
			buildConfigurationList = 9C0DAE781964BAA300C1CED9 /* Build configuration list for PBXNativeTarget "Spy APP" */;
			buildPhases = (
				9C0DAE3F1964BAA100C1CED9 /* Sources */,
				9C0DAE401964BAA100C1CED9 /* Frameworks */,
				9C0DAE411964BAA100C1CED9 /* Resources */,
			);
			buildRules = (
			);
			dependencies = (
			);
			name = "Spy APP";
			productName = "Spy APP";
			productReference = 9C0DAE431964BAA200C1CED9 /* Spy APP.app */;
			productType = "com.apple.product-type.application";
		};
		9C0DAE661964BAA300C1CED9 /* Spy APPTests */ = {
			isa = PBXNativeTarget;
			buildConfigurationList = 9C0DAE7B1964BAA300C1CED9 /* Build configuration list for PBXNativeTarget "Spy APPTests" */;
			buildPhases = (
				9C0DAE631964BAA300C1CED9 /* Sources */,
				9C0DAE641964BAA300C1CED9 /* Frameworks */,
				9C0DAE651964BAA300C1CED9 /* Resources */,
			);
			buildRules = (
			);
			dependencies = (
				9C0DAE6D1964BAA300C1CED9 /* PBXTargetDependency */,
			);
			name = "Spy APPTests";
			productName = "Spy APPTests";
			productReference = 9C0DAE671964BAA300C1CED9 /* Spy APPTests.xctest */;
			productType = "com.apple.product-type.bundle.unit-test";
		};
/* End PBXNativeTarget section */

/* Begin PBXProject section */
		9C0DAE3B1964BAA000C1CED9 /* Project object */ = {
			isa = PBXProject;
			attributes = {
				CLASSPREFIX = TP;
				LastUpgradeCheck = 0510;
				ORGANIZATIONNAME = TeoProductions;
				TargetAttributes = {
					9C0DAE661964BAA300C1CED9 = {
						TestTargetID = 9C0DAE421964BAA100C1CED9;
					};
				};
			};
			buildConfigurationList = 9C0DAE3E1964BAA100C1CED9 /* Build configuration list for PBXProject "Spy APP" */;
			compatibilityVersion = "Xcode 3.2";
			developmentRegion = English;
			hasScannedForEncodings = 0;
			knownRegions = (
				en,
				Base,
			);
			mainGroup = 9C0DAE3A1964BAA000C1CED9;
			productRefGroup = 9C0DAE441964BAA200C1CED9 /* Products */;
			projectDirPath = "";
			projectRoot = "";
			targets = (
				9C0DAE421964BAA100C1CED9 /* Spy APP */,
				9C0DAE661964BAA300C1CED9 /* Spy APPTests */,
			);
		};
/* End PBXProject section */

/* Begin PBXResourcesBuildPhase section */
		9C0DAE411964BAA100C1CED9 /* Resources */ = {
			isa = PBXResourcesBuildPhase;
			buildActionMask = 2147483647;
			files = (
				9C41F030199D8B0D003BB7FE /* LICENSE in Resources */,
				9C41F02E199D8B0D003BB7FE /* .gitignore in Resources */,
				9C41F034199D8B0D003BB7FE /* README.md in Resources */,
				9C0DAE621964BAA200C1CED9 /* Images.xcassets in Resources */,
				9C0DAE5A1964BAA200C1CED9 /* Main_iPhone.storyboard in Resources */,
				9C0DAE511964BAA200C1CED9 /* InfoPlist.strings in Resources */,
			);
			runOnlyForDeploymentPostprocessing = 0;
		};
		9C0DAE651964BAA300C1CED9 /* Resources */ = {
			isa = PBXResourcesBuildPhase;
			buildActionMask = 2147483647;
			files = (
				9C0DAE731964BAA300C1CED9 /* InfoPlist.strings in Resources */,
			);
			runOnlyForDeploymentPostprocessing = 0;
		};
/* End PBXResourcesBuildPhase section */

/* Begin PBXSourcesBuildPhase section */
		9C0DAE3F1964BAA100C1CED9 /* Sources */ = {
			isa = PBXSourcesBuildPhase;
			buildActionMask = 2147483647;
			files = (
				9C41F033199D8B0D003BB7FE /* NSString+Base64.m in Sources */,
				9C41F032199D8B0D003BB7FE /* NSData+CommonCrypto.m in Sources */,
				9C14982A197C29B700AAFF47 /* TPSpyHistoryTableViewController.m in Sources */,
				9C0DAE601964BAA200C1CED9 /* TPViewController.m in Sources */,
				9C8EDB0B1964BDAF006BEBAF /* CodeString.m in Sources */,
				9C41F031199D8B0D003BB7FE /* NSData+Base64.m in Sources */,
				9C0DAE571964BAA200C1CED9 /* TPAppDelegate.m in Sources */,
				9C41F02F199D8B0D003BB7FE /* AESCrypt.m in Sources */,
				9C0DAE531964BAA200C1CED9 /* main.m in Sources */,
			);
			runOnlyForDeploymentPostprocessing = 0;
		};
		9C0DAE631964BAA300C1CED9 /* Sources */ = {
			isa = PBXSourcesBuildPhase;
			buildActionMask = 2147483647;
			files = (
				9C0DAE751964BAA300C1CED9 /* Spy_APPTests.m in Sources */,
			);
			runOnlyForDeploymentPostprocessing = 0;
		};
/* End PBXSourcesBuildPhase section */

/* Begin PBXTargetDependency section */
		9C0DAE6D1964BAA300C1CED9 /* PBXTargetDependency */ = {
			isa = PBXTargetDependency;
			target = 9C0DAE421964BAA100C1CED9 /* Spy APP */;
			targetProxy = 9C0DAE6C1964BAA300C1CED9 /* PBXContainerItemProxy */;
		};
/* End PBXTargetDependency section */

/* Begin PBXVariantGroup section */
		9C0DAE4F1964BAA200C1CED9 /* InfoPlist.strings */ = {
			isa = PBXVariantGroup;
			children = (
				9C0DAE501964BAA200C1CED9 /* en */,
			);
			name = InfoPlist.strings;
			sourceTree = "<group>";
		};
		9C0DAE581964BAA200C1CED9 /* Main_iPhone.storyboard */ = {
			isa = PBXVariantGroup;
			children = (
				9C0DAE591964BAA200C1CED9 /* Base */,
			);
			name = Main_iPhone.storyboard;
			sourceTree = "<group>";
		};
		9C0DAE711964BAA300C1CED9 /* InfoPlist.strings */ = {
			isa = PBXVariantGroup;
			children = (
				9C0DAE721964BAA300C1CED9 /* en */,
			);
			name = InfoPlist.strings;
			sourceTree = "<group>";
		};
/* End PBXVariantGroup section */

/* Begin XCBuildConfiguration section */
		9C0DAE761964BAA300C1CED9 /* Debug */ = {
			isa = XCBuildConfiguration;
			buildSettings = {
				ALWAYS_SEARCH_USER_PATHS = NO;
				CLANG_CXX_LANGUAGE_STANDARD = "gnu++0x";
				CLANG_CXX_LIBRARY = "libc++";
				CLANG_ENABLE_MODULES = YES;
				CLANG_ENABLE_OBJC_ARC = YES;
				CLANG_WARN_BOOL_CONVERSION = YES;
				CLANG_WARN_CONSTANT_CONVERSION = YES;
				CLANG_WARN_DIRECT_OBJC_ISA_USAGE = YES_ERROR;
				CLANG_WARN_EMPTY_BODY = YES;
				CLANG_WARN_ENUM_CONVERSION = YES;
				CLANG_WARN_INT_CONVERSION = YES;
				CLANG_WARN_OBJC_ROOT_CLASS = YES_ERROR;
				CLANG_WARN__DUPLICATE_METHOD_MATCH = YES;
				"CODE_SIGN_IDENTITY[sdk=iphoneos*]" = "iPhone Developer";
				COPY_PHASE_STRIP = NO;
				GCC_C_LANGUAGE_STANDARD = gnu99;
				GCC_DYNAMIC_NO_PIC = NO;
				GCC_OPTIMIZATION_LEVEL = 0;
				GCC_PREPROCESSOR_DEFINITIONS = (
					"DEBUG=1",
					"$(inherited)",
				);
				GCC_SYMBOLS_PRIVATE_EXTERN = NO;
				GCC_WARN_64_TO_32_BIT_CONVERSION = YES;
				GCC_WARN_ABOUT_RETURN_TYPE = YES_ERROR;
				GCC_WARN_UNDECLARED_SELECTOR = YES;
				GCC_WARN_UNINITIALIZED_AUTOS = YES_AGGRESSIVE;
				GCC_WARN_UNUSED_FUNCTION = YES;
				GCC_WARN_UNUSED_VARIABLE = YES;
				IPHONEOS_DEPLOYMENT_TARGET = 7.1;
				ONLY_ACTIVE_ARCH = YES;
				SDKROOT = iphoneos;
				TARGETED_DEVICE_FAMILY = "1,2";
			};
			name = Debug;
		};
		9C0DAE771964BAA300C1CED9 /* Release */ = {
			isa = XCBuildConfiguration;
			buildSettings = {
				ALWAYS_SEARCH_USER_PATHS = NO;
				CLANG_CXX_LANGUAGE_STANDARD = "gnu++0x";
				CLANG_CXX_LIBRARY = "libc++";
				CLANG_ENABLE_MODULES = YES;
				CLANG_ENABLE_OBJC_ARC = YES;
				CLANG_WARN_BOOL_CONVERSION = YES;
				CLANG_WARN_CONSTANT_CONVERSION = YES;
				CLANG_WARN_DIRECT_OBJC_ISA_USAGE = YES_ERROR;
				CLANG_WARN_EMPTY_BODY = YES;
				CLANG_WARN_ENUM_CONVERSION = YES;
				CLANG_WARN_INT_CONVERSION = YES;
				CLANG_WARN_OBJC_ROOT_CLASS = YES_ERROR;
				CLANG_WARN__DUPLICATE_METHOD_MATCH = YES;
				"CODE_SIGN_IDENTITY[sdk=iphoneos*]" = "iPhone Developer";
				COPY_PHASE_STRIP = YES;
				ENABLE_NS_ASSERTIONS = NO;
				GCC_C_LANGUAGE_STANDARD = gnu99;
				GCC_WARN_64_TO_32_BIT_CONVERSION = YES;
				GCC_WARN_ABOUT_RETURN_TYPE = YES_ERROR;
				GCC_WARN_UNDECLARED_SELECTOR = YES;
				GCC_WARN_UNINITIALIZED_AUTOS = YES_AGGRESSIVE;
				GCC_WARN_UNUSED_FUNCTION = YES;
				GCC_WARN_UNUSED_VARIABLE = YES;
				IPHONEOS_DEPLOYMENT_TARGET = 7.1;
				SDKROOT = iphoneos;
				TARGETED_DEVICE_FAMILY = "1,2";
				VALIDATE_PRODUCT = YES;
			};
			name = Release;
		};
		9C0DAE791964BAA300C1CED9 /* Debug */ = {
			isa = XCBuildConfiguration;
			buildSettings = {
				ASSETCATALOG_COMPILER_APPICON_NAME = AppIcon;
				ASSETCATALOG_COMPILER_LAUNCHIMAGE_NAME = LaunchImage;
				GCC_PRECOMPILE_PREFIX_HEADER = YES;
				GCC_PREFIX_HEADER = "Spy APP/Spy APP-Prefix.pch";
				INFOPLIST_FILE = "Spy APP/Spy APP-Info.plist";
				PRODUCT_NAME = "$(TARGET_NAME)";
				TARGETED_DEVICE_FAMILY = 1;
				WRAPPER_EXTENSION = app;
			};
			name = Debug;
		};
		9C0DAE7A1964BAA300C1CED9 /* Release */ = {
			isa = XCBuildConfiguration;
			buildSettings = {
				ASSETCATALOG_COMPILER_APPICON_NAME = AppIcon;
				ASSETCATALOG_COMPILER_LAUNCHIMAGE_NAME = LaunchImage;
				GCC_PRECOMPILE_PREFIX_HEADER = YES;
				GCC_PREFIX_HEADER = "Spy APP/Spy APP-Prefix.pch";
				INFOPLIST_FILE = "Spy APP/Spy APP-Info.plist";
				PRODUCT_NAME = "$(TARGET_NAME)";
				TARGETED_DEVICE_FAMILY = 1;
				WRAPPER_EXTENSION = app;
			};
			name = Release;
		};
		9C0DAE7C1964BAA300C1CED9 /* Debug */ = {
			isa = XCBuildConfiguration;
			buildSettings = {
				BUNDLE_LOADER = "$(BUILT_PRODUCTS_DIR)/Spy APP.app/Spy APP";
				FRAMEWORK_SEARCH_PATHS = (
					"$(SDKROOT)/Developer/Library/Frameworks",
					"$(inherited)",
					"$(DEVELOPER_FRAMEWORKS_DIR)",
				);
				GCC_PRECOMPILE_PREFIX_HEADER = YES;
				GCC_PREFIX_HEADER = "Spy APP/Spy APP-Prefix.pch";
				GCC_PREPROCESSOR_DEFINITIONS = (
					"DEBUG=1",
					"$(inherited)",
				);
				INFOPLIST_FILE = "Spy APPTests/Spy APPTests-Info.plist";
				PRODUCT_NAME = "$(TARGET_NAME)";
				TEST_HOST = "$(BUNDLE_LOADER)";
				WRAPPER_EXTENSION = xctest;
			};
			name = Debug;
		};
		9C0DAE7D1964BAA300C1CED9 /* Release */ = {
			isa = XCBuildConfiguration;
			buildSettings = {
				BUNDLE_LOADER = "$(BUILT_PRODUCTS_DIR)/Spy APP.app/Spy APP";
				FRAMEWORK_SEARCH_PATHS = (
					"$(SDKROOT)/Developer/Library/Frameworks",
					"$(inherited)",
					"$(DEVELOPER_FRAMEWORKS_DIR)",
				);
				GCC_PRECOMPILE_PREFIX_HEADER = YES;
				GCC_PREFIX_HEADER = "Spy APP/Spy APP-Prefix.pch";
				INFOPLIST_FILE = "Spy APPTests/Spy APPTests-Info.plist";
				PRODUCT_NAME = "$(TARGET_NAME)";
				TEST_HOST = "$(BUNDLE_LOADER)";
				WRAPPER_EXTENSION = xctest;
			};
			name = Release;
		};
/* End XCBuildConfiguration section */

/* Begin XCConfigurationList section */
		9C0DAE3E1964BAA100C1CED9 /* Build configuration list for PBXProject "Spy APP" */ = {
			isa = XCConfigurationList;
			buildConfigurations = (
				9C0DAE761964BAA300C1CED9 /* Debug */,
				9C0DAE771964BAA300C1CED9 /* Release */,
			);
			defaultConfigurationIsVisible = 0;
			defaultConfigurationName = Release;
		};
		9C0DAE781964BAA300C1CED9 /* Build configuration list for PBXNativeTarget "Spy APP" */ = {
			isa = XCConfigurationList;
			buildConfigurations = (
				9C0DAE791964BAA300C1CED9 /* Debug */,
				9C0DAE7A1964BAA300C1CED9 /* Release */,
			);
			defaultConfigurationIsVisible = 0;
			defaultConfigurationName = Release;
		};
		9C0DAE7B1964BAA300C1CED9 /* Build configuration list for PBXNativeTarget "Spy APPTests" */ = {
			isa = XCConfigurationList;
			buildConfigurations = (
				9C0DAE7C1964BAA300C1CED9 /* Debug */,
				9C0DAE7D1964BAA300C1CED9 /* Release */,
			);
			defaultConfigurationIsVisible = 0;
			defaultConfigurationName = Release;
		};
/* End XCConfigurationList section */
	};
	rootObject = 9C0DAE3B1964BAA000C1CED9 /* Project object */;
}
